// !$*UTF8*$!
{
	archiveVersion = 1;
	classes = {
	};
	objectVersion = 50;
	objects = {

/* Begin PBXBuildFile section */
		80AE31512360AB5C00FB4ABB /* AppDelegate.swift in Sources */ = {isa = PBXBuildFile; fileRef = 80AE31502360AB5C00FB4ABB /* AppDelegate.swift */; };
		80AE31532360AB5C00FB4ABB /* SceneDelegate.swift in Sources */ = {isa = PBXBuildFile; fileRef = 80AE31522360AB5C00FB4ABB /* SceneDelegate.swift */; };
		80AE31552360AB5C00FB4ABB /* ViewController.swift in Sources */ = {isa = PBXBuildFile; fileRef = 80AE31542360AB5C00FB4ABB /* ViewController.swift */; };
		80AE31582360AB5C00FB4ABB /* Main.storyboard in Resources */ = {isa = PBXBuildFile; fileRef = 80AE31562360AB5C00FB4ABB /* Main.storyboard */; };
		80AE315A2360AB6000FB4ABB /* Assets.xcassets in Resources */ = {isa = PBXBuildFile; fileRef = 80AE31592360AB6000FB4ABB /* Assets.xcassets */; };
		80AE315D2360AB6000FB4ABB /* LaunchScreen.storyboard in Resources */ = {isa = PBXBuildFile; fileRef = 80AE315B2360AB6000FB4ABB /* LaunchScreen.storyboard */; };
/* End PBXBuildFile section */

/* Begin PBXFileReference section */
		80AE314D2360AB5C00FB4ABB /* wordPlay.app */ = {isa = PBXFileReference; explicitFileType = wrapper.application; includeInIndex = 0; path = wordPlay.app; sourceTree = BUILT_PRODUCTS_DIR; };
		80AE31502360AB5C00FB4ABB /* AppDelegate.swift */ = {isa = PBXFileReference; lastKnownFileType = sourcecode.swift; path = AppDelegate.swift; sourceTree = "<group>"; };
		80AE31522360AB5C00FB4ABB /* SceneDelegate.swift */ = {isa = PBXFileReference; lastKnownFileType = sourcecode.swift; path = SceneDelegate.swift; sourceTree = "<group>"; };
		80AE31542360AB5C00FB4ABB /* ViewController.swift */ = {isa = PBXFileReference; lastKnownFileType = sourcecode.swift; path = ViewController.swift; sourceTree = "<group>"; };
		80AE31572360AB5C00FB4ABB /* Base */ = {isa = PBXFileReference; lastKnownFileType = file.storyboard; name = Base; path = Base.lproj/Main.storyboard; sourceTree = "<group>"; };
		80AE31592360AB6000FB4ABB /* Assets.xcassets */ = {isa = PBXFileReference; lastKnownFileType = folder.assetcatalog; path = Assets.xcassets; sourceTree = "<group>"; };
		80AE315C2360AB6000FB4ABB /* Base */ = {isa = PBXFileReference; lastKnownFileType = file.storyboard; name = Base; path = Base.lproj/LaunchScreen.storyboard; sourceTree = "<group>"; };
		80AE315E2360AB6000FB4ABB /* Info.plist */ = {isa = PBXFileReference; lastKnownFileType = text.plist.xml; path = Info.plist; sourceTree = "<group>"; };
/* End PBXFileReference section */

/* Begin PBXFrameworksBuildPhase section */
		80AE314A2360AB5C00FB4ABB /* Frameworks */ = {
			isa = PBXFrameworksBuildPhase;
			buildActionMask = 2147483647;
			files = (
			);
			runOnlyForDeploymentPostprocessing = 0;
		};
/* End PBXFrameworksBuildPhase section */

/* Begin PBXGroup section */
		80AE31442360AB5C00FB4ABB = {
			isa = PBXGroup;
			children = (
				80AE314F2360AB5C00FB4ABB /* wordPlay */,
				80AE314E2360AB5C00FB4ABB /* Products */,
			);
			sourceTree = "<group>";
		};
		80AE314E2360AB5C00FB4ABB /* Products */ = {
			isa = PBXGroup;
			children = (
				80AE314D2360AB5C00FB4ABB /* wordPlay.app */,
			);
			name = Products;
			sourceTree = "<group>";
		};
		80AE314F2360AB5C00FB4ABB /* wordPlay */ = {
			isa = PBXGroup;
			children = (
				80AE31502360AB5C00FB4ABB /* AppDelegate.swift */,
				80AE31522360AB5C00FB4ABB /* SceneDelegate.swift */,
				80AE31542360AB5C00FB4ABB /* ViewController.swift */,
				80AE31562360AB5C00FB4ABB /* Main.storyboard */,
				80AE31592360AB6000FB4ABB /* Assets.xcassets */,
				80AE315B2360AB6000FB4ABB /* LaunchScreen.storyboard */,
				80AE315E2360AB6000FB4ABB /* Info.plist */,
			);
			path = wordPlay;
			sourceTree = "<group>";
		};
/* End PBXGroup section */

/* Begin PBXNativeTarget section */
		80AE314C2360AB5C00FB4ABB /* wordPlay */ = {
			isa = PBXNativeTarget;
			buildConfigurationList = 80AE31612360AB6000FB4ABB /* Build configuration list for PBXNativeTarget "wordPlay" */;
			buildPhases = (
				80AE31492360AB5C00FB4ABB /* Sources */,
				80AE314A2360AB5C00FB4ABB /* Frameworks */,
				80AE314B2360AB5C00FB4ABB /* Resources */,
			);
			buildRules = (
			);
			dependencies = (
			);
			name = wordPlay;
			productName = wordPlay;
			productReference = 80AE314D2360AB5C00FB4ABB /* wordPlay.app */;
			productType = "com.apple.product-type.application";
		};
/* End PBXNativeTarget section */

/* Begin PBXProject section */
		80AE31452360AB5C00FB4ABB /* Project object */ = {
			isa = PBXProject;
			attributes = {
				LastSwiftUpdateCheck = 1110;
				LastUpgradeCheck = 1110;
				ORGANIZATIONNAME = "Noelle Daehler";
				TargetAttributes = {
					80AE314C2360AB5C00FB4ABB = {
						CreatedOnToolsVersion = 11.1;
					};
				};
			};
			buildConfigurationList = 80AE31482360AB5C00FB4ABB /* Build configuration list for PBXProject "wordPlay" */;
			compatibilityVersion = "Xcode 9.3";
			developmentRegion = en;
			hasScannedForEncodings = 0;
			knownRegions = (
				en,
				Base,
			);
			mainGroup = 80AE31442360AB5C00FB4ABB;
			productRefGroup = 80AE314E2360AB5C00FB4ABB /* Products */;
			projectDirPath = "";
			projectRoot = "";
			targets = (
				80AE314C2360AB5C00FB4ABB /* wordPlay */,
			);
		};
/* End PBXProject section */

/* Begin PBXResourcesBuildPhase section */
		80AE314B2360AB5C00FB4ABB /* Resources */ = {
			isa = PBXResourcesBuildPhase;
			buildActionMask = 2147483647;
			files = (
				80AE315D2360AB6000FB4ABB /* LaunchScreen.storyboard in Resources */,
				80AE315A2360AB6000FB4ABB /* Assets.xcassets in Resources */,
				80AE31582360AB5C00FB4ABB /* Main.storyboard in Resources */,
			);
			runOnlyForDeploymentPostprocessing = 0;
		};
/* End PBXResourcesBuildPhase section */

/* Begin PBXSourcesBuildPhase section */
		80AE31492360AB5C00FB4ABB /* Sources */ = {
			isa = PBXSourcesBuildPhase;
			buildActionMask = 2147483647;
			files = (
				80AE31552360AB5C00FB4ABB /* ViewController.swift in Sources */,
				80AE31512360AB5C00FB4ABB /* AppDelegate.swift in Sources */,
				80AE31532360AB5C00FB4ABB /* SceneDelegate.swift in Sources */,
			);
			runOnlyForDeploymentPostprocessing = 0;
		};
/* End PBXSourcesBuildPhase section */

/* Begin PBXVariantGroup section */
		80AE31562360AB5C00FB4ABB /* Main.storyboard */ = {
			isa = PBXVariantGroup;
			children = (
				80AE31572360AB5C00FB4ABB /* Base */,
			);
			name = Main.storyboard;
			sourceTree = "<group>";
		};
		80AE315B2360AB6000FB4ABB /* LaunchScreen.storyboard */ = {
			isa = PBXVariantGroup;
			children = (
				80AE315C2360AB6000FB4ABB /* Base */,
			);
			name = LaunchScreen.storyboard;
			sourceTree = "<group>";
		};
/* End PBXVariantGroup section */

/* Begin XCBuildConfiguration section */
		80AE315F2360AB6000FB4ABB /* Debug */ = {
			isa = XCBuildConfiguration;
			buildSettings = {
				ALWAYS_SEARCH_USER_PATHS = NO;
				CLANG_ANALYZER_NONNULL = YES;
				CLANG_ANALYZER_NUMBER_OBJECT_CONVERSION = YES_AGGRESSIVE;
				CLANG_CXX_LANGUAGE_STANDARD = "gnu++14";
				CLANG_CXX_LIBRARY = "libc++";
				CLANG_ENABLE_MODULES = YES;
				CLANG_ENABLE_OBJC_ARC = YES;
				CLANG_ENABLE_OBJC_WEAK = YES;
				CLANG_WARN_BLOCK_CAPTURE_AUTORELEASING = YES;
				CLANG_WARN_BOOL_CONVERSION = YES;
				CLANG_WARN_COMMA = YES;
				CLANG_WARN_CONSTANT_CONVERSION = YES;
				CLANG_WARN_DEPRECATED_OBJC_IMPLEMENTATIONS = YES;
				CLANG_WARN_DIRECT_OBJC_ISA_USAGE = YES_ERROR;
				CLANG_WARN_DOCUMENTATION_COMMENTS = YES;
				CLANG_WARN_EMPTY_BODY = YES;
				CLANG_WARN_ENUM_CONVERSION = YES;
				CLANG_WARN_INFINITE_RECURSION = YES;
				CLANG_WARN_INT_CONVERSION = YES;
				CLANG_WARN_NON_LITERAL_NULL_CONVERSION = YES;
				CLANG_WARN_OBJC_IMPLICIT_RETAIN_SELF = YES;
				CLANG_WARN_OBJC_LITERAL_CONVERSION = YES;
				CLANG_WARN_OBJC_ROOT_CLASS = YES_ERROR;
				CLANG_WARN_RANGE_LOOP_ANALYSIS = YES;
				CLANG_WARN_STRICT_PROTOTYPES = YES;
				CLANG_WARN_SUSPICIOUS_MOVE = YES;
				CLANG_WARN_UNGUARDED_AVAILABILITY = YES_AGGRESSIVE;
				CLANG_WARN_UNREACHABLE_CODE = YES;
				CLANG_WARN__DUPLICATE_METHOD_MATCH = YES;
				COPY_PHASE_STRIP = NO;
				DEBUG_INFORMATION_FORMAT = dwarf;
				ENABLE_STRICT_OBJC_MSGSEND = YES;
				ENABLE_TESTABILITY = YES;
				GCC_C_LANGUAGE_STANDARD = gnu11;
				GCC_DYNAMIC_NO_PIC = NO;
				GCC_NO_COMMON_BLOCKS = YES;
				GCC_OPTIMIZATION_LEVEL = 0;
				GCC_PREPROCESSOR_DEFINITIONS = (
					"DEBUG=1",
					"$(inherited)",
				);
				GCC_WARN_64_TO_32_BIT_CONVERSION = YES;
				GCC_WARN_ABOUT_RETURN_TYPE = YES_ERROR;
				GCC_WARN_UNDECLARED_SELECTOR = YES;
				GCC_WARN_UNINITIALIZED_AUTOS = YES_AGGRESSIVE;
				GCC_WARN_UNUSED_FUNCTION = YES;
				GCC_WARN_UNUSED_VARIABLE = YES;
				IPHONEOS_DEPLOYMENT_TARGET = 13.1;
				MTL_ENABLE_DEBUG_INFO = INCLUDE_SOURCE;
				MTL_FAST_MATH = YES;
				ONLY_ACTIVE_ARCH = YES;
				SDKROOT = iphoneos;
				SWIFT_ACTIVE_COMPILATION_CONDITIONS = DEBUG;
				SWIFT_OPTIMIZATION_LEVEL = "-Onone";
			};
			name = Debug;
		};
		80AE31602360AB6000FB4ABB /* Release */ = {
			isa = XCBuildConfiguration;
			buildSettings = {
				ALWAYS_SEARCH_USER_PATHS = NO;
				CLANG_ANALYZER_NONNULL = YES;
				CLANG_ANALYZER_NUMBER_OBJECT_CONVERSION = YES_AGGRESSIVE;
				CLANG_CXX_LANGUAGE_STANDARD = "gnu++14";
				CLANG_CXX_LIBRARY = "libc++";
				CLANG_ENABLE_MODULES = YES;
				CLANG_ENABLE_OBJC_ARC = YES;
				CLANG_ENABLE_OBJC_WEAK = YES;
				CLANG_WARN_BLOCK_CAPTURE_AUTORELEASING = YES;
				CLANG_WARN_BOOL_CONVERSION = YES;
				CLANG_WARN_COMMA = YES;
				CLANG_WARN_CONSTANT_CONVERSION = YES;
				CLANG_WARN_DEPRECATED_OBJC_IMPLEMENTATIONS = YES;
				CLANG_WARN_DIRECT_OBJC_ISA_USAGE = YES_ERROR;
				CLANG_WARN_DOCUMENTATION_COMMENTS = YES;
				CLANG_WARN_EMPTY_BODY = YES;
				CLANG_WARN_ENUM_CONVERSION = YES;
				CLANG_WARN_INFINITE_RECURSION = YES;
				CLANG_WARN_INT_CONVERSION = YES;
				CLANG_WARN_NON_LITERAL_NULL_CONVERSION = YES;
				CLANG_WARN_OBJC_IMPLICIT_RETAIN_SELF = YES;
				CLANG_WARN_OBJC_LITERAL_CONVERSION = YES;
				CLANG_WARN_OBJC_ROOT_CLASS = YES_ERROR;
				CLANG_WARN_RANGE_LOOP_ANALYSIS = YES;
				CLANG_WARN_STRICT_PROTOTYPES = YES;
				CLANG_WARN_SUSPICIOUS_MOVE = YES;
				CLANG_WARN_UNGUARDED_AVAILABILITY = YES_AGGRESSIVE;
				CLANG_WARN_UNREACHABLE_CODE = YES;
				CLANG_WARN__DUPLICATE_METHOD_MATCH = YES;
				COPY_PHASE_STRIP = NO;
				DEBUG_INFORMATION_FORMAT = "dwarf-with-dsym";
				ENABLE_NS_ASSERTIONS = NO;
				ENABLE_STRICT_OBJC_MSGSEND = YES;
				GCC_C_LANGUAGE_STANDARD = gnu11;
				GCC_NO_COMMON_BLOCKS = YES;
				GCC_WARN_64_TO_32_BIT_CONVERSION = YES;
				GCC_WARN_ABOUT_RETURN_TYPE = YES_ERROR;
				GCC_WARN_UNDECLARED_SELECTOR = YES;
				GCC_WARN_UNINITIALIZED_AUTOS = YES_AGGRESSIVE;
				GCC_WARN_UNUSED_FUNCTION = YES;
				GCC_WARN_UNUSED_VARIABLE = YES;
				IPHONEOS_DEPLOYMENT_TARGET = 13.1;
				MTL_ENABLE_DEBUG_INFO = NO;
				MTL_FAST_MATH = YES;
				SDKROOT = iphoneos;
				SWIFT_COMPILATION_MODE = wholemodule;
				SWIFT_OPTIMIZATION_LEVEL = "-O";
				VALIDATE_PRODUCT = YES;
			};
			name = Release;
		};
		80AE31622360AB6000FB4ABB /* Debug */ = {
			isa = XCBuildConfiguration;
			buildSettings = {
				ASSETCATALOG_COMPILER_APPICON_NAME = AppIcon;
				CODE_SIGN_STYLE = Automatic;
				DEVELOPMENT_TEAM = HB727S87Z9;
				INFOPLIST_FILE = wordPlay/Info.plist;
				LD_RUNPATH_SEARCH_PATHS = (
					"$(inherited)",
					"@executable_path/Frameworks",
				);
				PRODUCT_BUNDLE_IDENTIFIER = modolla.wordPlay;
				PRODUCT_NAME = "$(TARGET_NAME)";
				SWIFT_VERSION = 5.0;
				TARGETED_DEVICE_FAMILY = "1,2";
			};
			name = Debug;
		};
		80AE31632360AB6000FB4ABB /* Release */ = {
			isa = XCBuildConfiguration;
			buildSettings = {
				ASSETCATALOG_COMPILER_APPICON_NAME = AppIcon;
				CODE_SIGN_STYLE = Automatic;
				DEVELOPMENT_TEAM = HB727S87Z9;
				INFOPLIST_FILE = wordPlay/Info.plist;
				LD_RUNPATH_SEARCH_PATHS = (
					"$(inherited)",
					"@executable_path/Frameworks",
				);
				PRODUCT_BUNDLE_IDENTIFIER = modolla.wordPlay;
				PRODUCT_NAME = "$(TARGET_NAME)";
				SWIFT_VERSION = 5.0;
				TARGETED_DEVICE_FAMILY = "1,2";
			};
			name = Release;
		};
/* End XCBuildConfiguration section */

/* Begin XCConfigurationList section */
		80AE31482360AB5C00FB4ABB /* Build configuration list for PBXProject "wordPlay" */ = {
			isa = XCConfigurationList;
			buildConfigurations = (
				80AE315F2360AB6000FB4ABB /* Debug */,
				80AE31602360AB6000FB4ABB /* Release */,
			);
			defaultConfigurationIsVisible = 0;
			defaultConfigurationName = Release;
		};
		80AE31612360AB6000FB4ABB /* Build configuration list for PBXNativeTarget "wordPlay" */ = {
			isa = XCConfigurationList;
			buildConfigurations = (
				80AE31622360AB6000FB4ABB /* Debug */,
				80AE31632360AB6000FB4ABB /* Release */,
			);
			defaultConfigurationIsVisible = 0;
			defaultConfigurationName = Release;
		};
/* End XCConfigurationList section */
	};
	rootObject = 80AE31452360AB5C00FB4ABB /* Project object */;
}
